
Microsoft Visual Studio Solution File, Format Version 12.00
# Visual Studio 15
VisualStudioVersion = 15.0.27703.2042
MinimumVisualStudioVersion = 10.0.40219.1
Project("{FAE04EC0-301F-11D3-BF4B-00C04F79EFBC}") = "Cactus.DummyAuthentication.Owin", "Cactus.DummyAuthentication.Owin\Cactus.DummyAuthentication.Owin.csproj", "{5F60FC23-728D-446A-8B9D-DF95471302AD}"
EndProject
Project("{FAE04EC0-301F-11D3-BF4B-00C04F79EFBC}") = "Cactus.DummyAuthentication.RestSharp", "Cactus.DummyAuthentication.RestSharp\Cactus.DummyAuthentication.RestSharp.csproj", "{A6772537-20CC-4F19-83D2-927B0A3F609F}"
EndProject
Project("{FAE04EC0-301F-11D3-BF4B-00C04F79EFBC}") = "Cactus.TimmyAuth", "Cactus.TimmyAuth\Cactus.TimmyAuth.csproj", "{0F255C0E-4F19-41E9-93B7-29C3B2DB3788}"
EndProject
Global
	GlobalSection(SolutionConfigurationPlatforms) = preSolution
		Debug|Any CPU = Debug|Any CPU
		Release|Any CPU = Release|Any CPU
	EndGlobalSection
	GlobalSection(ProjectConfigurationPlatforms) = postSolution
		{5F60FC23-728D-446A-8B9D-DF95471302AD}.Debug|Any CPU.ActiveCfg = Debug|Any CPU
		{5F60FC23-728D-446A-8B9D-DF95471302AD}.Debug|Any CPU.Build.0 = Debug|Any CPU
		{5F60FC23-728D-446A-8B9D-DF95471302AD}.Release|Any CPU.ActiveCfg = Release|Any CPU
		{5F60FC23-728D-446A-8B9D-DF95471302AD}.Release|Any CPU.Build.0 = Release|Any CPU
		{A6772537-20CC-4F19-83D2-927B0A3F609F}.Debug|Any CPU.ActiveCfg = Debug|Any CPU
		{A6772537-20CC-4F19-83D2-927B0A3F609F}.Debug|Any CPU.Build.0 = Debug|Any CPU
		{A6772537-20CC-4F19-83D2-927B0A3F609F}.Release|Any CPU.ActiveCfg = Release|Any CPU
		{A6772537-20CC-4F19-83D2-927B0A3F609F}.Release|Any CPU.Build.0 = Release|Any CPU
		{0F255C0E-4F19-41E9-93B7-29C3B2DB3788}.Debug|Any CPU.ActiveCfg = Debug|Any CPU
		{0F255C0E-4F19-41E9-93B7-29C3B2DB3788}.Debug|Any CPU.Build.0 = Debug|Any CPU
		{0F255C0E-4F19-41E9-93B7-29C3B2DB3788}.Release|Any CPU.ActiveCfg = Release|Any CPU
		{0F255C0E-4F19-41E9-93B7-29C3B2DB3788}.Release|Any CPU.Build.0 = Release|Any CPU
	EndGlobalSection
	GlobalSection(SolutionProperties) = preSolution
		HideSolutionNode = FALSE
	EndGlobalSection
	GlobalSection(ExtensibilityGlobals) = postSolution
		SolutionGuid = {E0F569D0-94D4-40AA-9071-737ECF8E9407}
	EndGlobalSection
EndGlobal
